
Microsoft Visual Studio Solution File, Format Version 12.00
# Visual Studio Version 17
VisualStudioVersion = 17.8.34330.188
MinimumVisualStudioVersion = 10.0.40219.1
Project("{FAE04EC0-301F-11D3-BF4B-00C04F79EFBC}") = "KeycloakAuthDemo", "KeycloakAuthDemo.csproj", "{1A6BC6FC-A083-4181-9848-B81556F8D62D}"
EndProject
Global
	GlobalSection(SolutionConfigurationPlatforms) = preSolution
		Debug|Any CPU = Debug|Any CPU
		Release|Any CPU = Release|Any CPU
	EndGlobalSection
	GlobalSection(ProjectConfigurationPlatforms) = postSolution
		{1A6BC6FC-A083-4181-9848-B81556F8D62D}.Debug|Any CPU.ActiveCfg = Debug|Any CPU
		{1A6BC6FC-A083-4181-9848-B81556F8D62D}.Debug|Any CPU.Build.0 = Debug|Any CPU
		{1A6BC6FC-A083-4181-9848-B81556F8D62D}.Release|Any CPU.ActiveCfg = Release|Any CPU
		{1A6BC6FC-A083-4181-9848-B81556F8D62D}.Release|Any CPU.Build.0 = Release|Any CPU
	EndGlobalSection
	GlobalSection(SolutionProperties) = preSolution
		HideSolutionNode = FALSE
	EndGlobalSection
	GlobalSection(ExtensibilityGlobals) = postSolution
		SolutionGuid = {D9FFA6F8-F26B-43B8-A675-433376C1F007}
	EndGlobalSection
EndGlobal
